
Microsoft Visual Studio Solution File, Format Version 12.00
# Visual Studio Version 16
VisualStudioVersion = 16.0.33027.164
MinimumVisualStudioVersion = 10.0.40219.1
Project("{FAE04EC0-301F-11D3-BF4B-00C04F79EFBC}") = "HangfireTest1", "Hangfire_Queue\Hangfire_Queue.csproj", "{6C28128F-490D-4808-A880-F4FF994313E2}"
EndProject
Global
	GlobalSection(SolutionConfigurationPlatforms) = preSolution
		Debug|Any CPU = Debug|Any CPU
		Release|Any CPU = Release|Any CPU
	EndGlobalSection
	GlobalSection(ProjectConfigurationPlatforms) = postSolution
		{6C28128F-490D-4808-A880-F4FF994313E2}.Debug|Any CPU.ActiveCfg = Debug|Any CPU
		{6C28128F-490D-4808-A880-F4FF994313E2}.Debug|Any CPU.Build.0 = Debug|Any CPU
		{6C28128F-490D-4808-A880-F4FF994313E2}.Release|Any CPU.ActiveCfg = Release|Any CPU
		{6C28128F-490D-4808-A880-F4FF994313E2}.Release|Any CPU.Build.0 = Release|Any CPU
	EndGlobalSection
	GlobalSection(SolutionProperties) = preSolution
		HideSolutionNode = FALSE
	EndGlobalSection
	GlobalSection(ExtensibilityGlobals) = postSolution
		SolutionGuid = {D4C6D4B3-E22C-4F98-898D-552D42F67D3D}
	EndGlobalSection
EndGlobal
